// !$*UTF8*$!
{
	archiveVersion = 1;
	classes = {
	};
	objectVersion = 50;
	objects = {

/* Begin PBXBuildFile section */
		730A559722837312007D45D5 /* AppDelegate.swift in Sources */ = {isa = PBXBuildFile; fileRef = 730A559622837312007D45D5 /* AppDelegate.swift */; };
		730A559C22837312007D45D5 /* Main.storyboard in Resources */ = {isa = PBXBuildFile; fileRef = 730A559A22837312007D45D5 /* Main.storyboard */; };
		730A559E22837312007D45D5 /* Assets.xcassets in Resources */ = {isa = PBXBuildFile; fileRef = 730A559D22837312007D45D5 /* Assets.xcassets */; };
		730A55A122837312007D45D5 /* LaunchScreen.storyboard in Resources */ = {isa = PBXBuildFile; fileRef = 730A559F22837312007D45D5 /* LaunchScreen.storyboard */; };
		730A55AB228373E2007D45D5 /* Entry.swift in Sources */ = {isa = PBXBuildFile; fileRef = 730A55AA228373E2007D45D5 /* Entry.swift */; };
		730A55AE22837578007D45D5 /* EntryController.swift in Sources */ = {isa = PBXBuildFile; fileRef = 730A55AD22837578007D45D5 /* EntryController.swift */; };
		730A55B022839596007D45D5 /* EntryListTableViewController.swift in Sources */ = {isa = PBXBuildFile; fileRef = 730A55AF22839596007D45D5 /* EntryListTableViewController.swift */; };
/* End PBXBuildFile section */

/* Begin PBXFileReference section */
		730A559322837312007D45D5 /* JournalNextAttempt.app */ = {isa = PBXFileReference; explicitFileType = wrapper.application; includeInIndex = 0; path = JournalNextAttempt.app; sourceTree = BUILT_PRODUCTS_DIR; };
		730A559622837312007D45D5 /* AppDelegate.swift */ = {isa = PBXFileReference; lastKnownFileType = sourcecode.swift; path = AppDelegate.swift; sourceTree = "<group>"; };
		730A559B22837312007D45D5 /* Base */ = {isa = PBXFileReference; lastKnownFileType = file.storyboard; name = Base; path = Base.lproj/Main.storyboard; sourceTree = "<group>"; };
		730A559D22837312007D45D5 /* Assets.xcassets */ = {isa = PBXFileReference; lastKnownFileType = folder.assetcatalog; path = Assets.xcassets; sourceTree = "<group>"; };
		730A55A022837312007D45D5 /* Base */ = {isa = PBXFileReference; lastKnownFileType = file.storyboard; name = Base; path = Base.lproj/LaunchScreen.storyboard; sourceTree = "<group>"; };
		730A55A222837312007D45D5 /* Info.plist */ = {isa = PBXFileReference; lastKnownFileType = text.plist.xml; path = Info.plist; sourceTree = "<group>"; };
		730A55AA228373E2007D45D5 /* Entry.swift */ = {isa = PBXFileReference; lastKnownFileType = sourcecode.swift; path = Entry.swift; sourceTree = "<group>"; };
		730A55AD22837578007D45D5 /* EntryController.swift */ = {isa = PBXFileReference; lastKnownFileType = sourcecode.swift; path = EntryController.swift; sourceTree = "<group>"; };
		730A55AF22839596007D45D5 /* EntryListTableViewController.swift */ = {isa = PBXFileReference; lastKnownFileType = sourcecode.swift; path = EntryListTableViewController.swift; sourceTree = "<group>"; };
/* End PBXFileReference section */

/* Begin PBXFrameworksBuildPhase section */
		730A559022837312007D45D5 /* Frameworks */ = {
			isa = PBXFrameworksBuildPhase;
			buildActionMask = 2147483647;
			files = (
			);
			runOnlyForDeploymentPostprocessing = 0;
		};
/* End PBXFrameworksBuildPhase section */

/* Begin PBXGroup section */
		730A558A22837312007D45D5 = {
			isa = PBXGroup;
			children = (
				730A559522837312007D45D5 /* JournalNextAttempt */,
				730A559422837312007D45D5 /* Products */,
			);
			sourceTree = "<group>";
		};
		730A559422837312007D45D5 /* Products */ = {
			isa = PBXGroup;
			children = (
				730A559322837312007D45D5 /* JournalNextAttempt.app */,
			);
			name = Products;
			sourceTree = "<group>";
		};
		730A559522837312007D45D5 /* JournalNextAttempt */ = {
			isa = PBXGroup;
			children = (
				730A55A822837322007D45D5 /* Resources */,
				730A55A922837339007D45D5 /* Storyboard */,
				730A559D22837312007D45D5 /* Assets.xcassets */,
				730A55AC228373E9007D45D5 /* Model */,
				730A55AD22837578007D45D5 /* EntryController.swift */,
				730A55B1228395A2007D45D5 /* ViewController */,
			);
			path = JournalNextAttempt;
			sourceTree = "<group>";
		};
		730A55A822837322007D45D5 /* Resources */ = {
			isa = PBXGroup;
			children = (
				730A559622837312007D45D5 /* AppDelegate.swift */,
				730A559F22837312007D45D5 /* LaunchScreen.storyboard */,
				730A55A222837312007D45D5 /* Info.plist */,
			);
			path = Resources;
			sourceTree = "<group>";
		};
		730A55A922837339007D45D5 /* Storyboard */ = {
			isa = PBXGroup;
			children = (
				730A559A22837312007D45D5 /* Main.storyboard */,
			);
			path = Storyboard;
			sourceTree = "<group>";
		};
		730A55AC228373E9007D45D5 /* Model */ = {
			isa = PBXGroup;
			children = (
				730A55AA228373E2007D45D5 /* Entry.swift */,
			);
			path = Model;
			sourceTree = "<group>";
		};
		730A55B1228395A2007D45D5 /* ViewController */ = {
			isa = PBXGroup;
			children = (
				730A55AF22839596007D45D5 /* EntryListTableViewController.swift */,
			);
			path = ViewController;
			sourceTree = "<group>";
		};
/* End PBXGroup section */

/* Begin PBXNativeTarget section */
		730A559222837312007D45D5 /* JournalNextAttempt */ = {
			isa = PBXNativeTarget;
			buildConfigurationList = 730A55A522837312007D45D5 /* Build configuration list for PBXNativeTarget "JournalNextAttempt" */;
			buildPhases = (
				730A558F22837312007D45D5 /* Sources */,
				730A559022837312007D45D5 /* Frameworks */,
				730A559122837312007D45D5 /* Resources */,
			);
			buildRules = (
			);
			dependencies = (
			);
			name = JournalNextAttempt;
			productName = JournalNextAttempt;
			productReference = 730A559322837312007D45D5 /* JournalNextAttempt.app */;
			productType = "com.apple.product-type.application";
		};
/* End PBXNativeTarget section */

/* Begin PBXProject section */
		730A558B22837312007D45D5 /* Project object */ = {
			isa = PBXProject;
			attributes = {
				LastSwiftUpdateCheck = 1020;
				LastUpgradeCheck = 1020;
				ORGANIZATIONNAME = "Austin West";
				TargetAttributes = {
					730A559222837312007D45D5 = {
						CreatedOnToolsVersion = 10.2.1;
					};
				};
			};
			buildConfigurationList = 730A558E22837312007D45D5 /* Build configuration list for PBXProject "JournalNextAttempt" */;
			compatibilityVersion = "Xcode 9.3";
			developmentRegion = en;
			hasScannedForEncodings = 0;
			knownRegions = (
				en,
				Base,
			);
			mainGroup = 730A558A22837312007D45D5;
			productRefGroup = 730A559422837312007D45D5 /* Products */;
			projectDirPath = "";
			projectRoot = "";
			targets = (
				730A559222837312007D45D5 /* JournalNextAttempt */,
			);
		};
/* End PBXProject section */

/* Begin PBXResourcesBuildPhase section */
		730A559122837312007D45D5 /* Resources */ = {
			isa = PBXResourcesBuildPhase;
			buildActionMask = 2147483647;
			files = (
				730A55A122837312007D45D5 /* LaunchScreen.storyboard in Resources */,
				730A559E22837312007D45D5 /* Assets.xcassets in Resources */,
				730A559C22837312007D45D5 /* Main.storyboard in Resources */,
			);
			runOnlyForDeploymentPostprocessing = 0;
		};
/* End PBXResourcesBuildPhase section */

/* Begin PBXSourcesBuildPhase section */
		730A558F22837312007D45D5 /* Sources */ = {
			isa = PBXSourcesBuildPhase;
			buildActionMask = 2147483647;
			files = (
				730A55AE22837578007D45D5 /* EntryController.swift in Sources */,
				730A55AB228373E2007D45D5 /* Entry.swift in Sources */,
				730A55B022839596007D45D5 /* EntryListTableViewController.swift in Sources */,
				730A559722837312007D45D5 /* AppDelegate.swift in Sources */,
			);
			runOnlyForDeploymentPostprocessing = 0;
		};
/* End PBXSourcesBuildPhase section */

/* Begin PBXVariantGroup section */
		730A559A22837312007D45D5 /* Main.storyboard */ = {
			isa = PBXVariantGroup;
			children = (
				730A559B22837312007D45D5 /* Base */,
			);
			name = Main.storyboard;
			sourceTree = "<group>";
		};
		730A559F22837312007D45D5 /* LaunchScreen.storyboard */ = {
			isa = PBXVariantGroup;
			children = (
				730A55A022837312007D45D5 /* Base */,
			);
			name = LaunchScreen.storyboard;
			sourceTree = "<group>";
		};
/* End PBXVariantGroup section */

/* Begin XCBuildConfiguration section */
		730A55A322837312007D45D5 /* Debug */ = {
			isa = XCBuildConfiguration;
			buildSettings = {
				ALWAYS_SEARCH_USER_PATHS = NO;
				CLANG_ANALYZER_NONNULL = YES;
				CLANG_ANALYZER_NUMBER_OBJECT_CONVERSION = YES_AGGRESSIVE;
				CLANG_CXX_LANGUAGE_STANDARD = "gnu++14";
				CLANG_CXX_LIBRARY = "libc++";
				CLANG_ENABLE_MODULES = YES;
				CLANG_ENABLE_OBJC_ARC = YES;
				CLANG_ENABLE_OBJC_WEAK = YES;
				CLANG_WARN_BLOCK_CAPTURE_AUTORELEASING = YES;
				CLANG_WARN_BOOL_CONVERSION = YES;
				CLANG_WARN_COMMA = YES;
				CLANG_WARN_CONSTANT_CONVERSION = YES;
				CLANG_WARN_DEPRECATED_OBJC_IMPLEMENTATIONS = YES;
				CLANG_WARN_DIRECT_OBJC_ISA_USAGE = YES_ERROR;
				CLANG_WARN_DOCUMENTATION_COMMENTS = YES;
				CLANG_WARN_EMPTY_BODY = YES;
				CLANG_WARN_ENUM_CONVERSION = YES;
				CLANG_WARN_INFINITE_RECURSION = YES;
				CLANG_WARN_INT_CONVERSION = YES;
				CLANG_WARN_NON_LITERAL_NULL_CONVERSION = YES;
				CLANG_WARN_OBJC_IMPLICIT_RETAIN_SELF = YES;
				CLANG_WARN_OBJC_LITERAL_CONVERSION = YES;
				CLANG_WARN_OBJC_ROOT_CLASS = YES_ERROR;
				CLANG_WARN_RANGE_LOOP_ANALYSIS = YES;
				CLANG_WARN_STRICT_PROTOTYPES = YES;
				CLANG_WARN_SUSPICIOUS_MOVE = YES;
				CLANG_WARN_UNGUARDED_AVAILABILITY = YES_AGGRESSIVE;
				CLANG_WARN_UNREACHABLE_CODE = YES;
				CLANG_WARN__DUPLICATE_METHOD_MATCH = YES;
				CODE_SIGN_IDENTITY = "iPhone Developer";
				COPY_PHASE_STRIP = NO;
				DEBUG_INFORMATION_FORMAT = dwarf;
				ENABLE_STRICT_OBJC_MSGSEND = YES;
				ENABLE_TESTABILITY = YES;
				GCC_C_LANGUAGE_STANDARD = gnu11;
				GCC_DYNAMIC_NO_PIC = NO;
				GCC_NO_COMMON_BLOCKS = YES;
				GCC_OPTIMIZATION_LEVEL = 0;
				GCC_PREPROCESSOR_DEFINITIONS = (
					"DEBUG=1",
					"$(inherited)",
				);
				GCC_WARN_64_TO_32_BIT_CONVERSION = YES;
				GCC_WARN_ABOUT_RETURN_TYPE = YES_ERROR;
				GCC_WARN_UNDECLARED_SELECTOR = YES;
				GCC_WARN_UNINITIALIZED_AUTOS = YES_AGGRESSIVE;
				GCC_WARN_UNUSED_FUNCTION = YES;
				GCC_WARN_UNUSED_VARIABLE = YES;
				IPHONEOS_DEPLOYMENT_TARGET = 12.2;
				MTL_ENABLE_DEBUG_INFO = INCLUDE_SOURCE;
				MTL_FAST_MATH = YES;
				ONLY_ACTIVE_ARCH = YES;
				SDKROOT = iphoneos;
				SWIFT_ACTIVE_COMPILATION_CONDITIONS = DEBUG;
				SWIFT_OPTIMIZATION_LEVEL = "-Onone";
			};
			name = Debug;
		};
		730A55A422837312007D45D5 /* Release */ = {
			isa = XCBuildConfiguration;
			buildSettings = {
				ALWAYS_SEARCH_USER_PATHS = NO;
				CLANG_ANALYZER_NONNULL = YES;
				CLANG_ANALYZER_NUMBER_OBJECT_CONVERSION = YES_AGGRESSIVE;
				CLANG_CXX_LANGUAGE_STANDARD = "gnu++14";
				CLANG_CXX_LIBRARY = "libc++";
				CLANG_ENABLE_MODULES = YES;
				CLANG_ENABLE_OBJC_ARC = YES;
				CLANG_ENABLE_OBJC_WEAK = YES;
				CLANG_WARN_BLOCK_CAPTURE_AUTORELEASING = YES;
				CLANG_WARN_BOOL_CONVERSION = YES;
				CLANG_WARN_COMMA = YES;
				CLANG_WARN_CONSTANT_CONVERSION = YES;
				CLANG_WARN_DEPRECATED_OBJC_IMPLEMENTATIONS = YES;
				CLANG_WARN_DIRECT_OBJC_ISA_USAGE = YES_ERROR;
				CLANG_WARN_DOCUMENTATION_COMMENTS = YES;
				CLANG_WARN_EMPTY_BODY = YES;
				CLANG_WARN_ENUM_CONVERSION = YES;
				CLANG_WARN_INFINITE_RECURSION = YES;
				CLANG_WARN_INT_CONVERSION = YES;
				CLANG_WARN_NON_LITERAL_NULL_CONVERSION = YES;
				CLANG_WARN_OBJC_IMPLICIT_RETAIN_SELF = YES;
				CLANG_WARN_OBJC_LITERAL_CONVERSION = YES;
				CLANG_WARN_OBJC_ROOT_CLASS = YES_ERROR;
				CLANG_WARN_RANGE_LOOP_ANALYSIS = YES;
				CLANG_WARN_STRICT_PROTOTYPES = YES;
				CLANG_WARN_SUSPICIOUS_MOVE = YES;
				CLANG_WARN_UNGUARDED_AVAILABILITY = YES_AGGRESSIVE;
				CLANG_WARN_UNREACHABLE_CODE = YES;
				CLANG_WARN__DUPLICATE_METHOD_MATCH = YES;
				CODE_SIGN_IDENTITY = "iPhone Developer";
				COPY_PHASE_STRIP = NO;
				DEBUG_INFORMATION_FORMAT = "dwarf-with-dsym";
				ENABLE_NS_ASSERTIONS = NO;
				ENABLE_STRICT_OBJC_MSGSEND = YES;
				GCC_C_LANGUAGE_STANDARD = gnu11;
				GCC_NO_COMMON_BLOCKS = YES;
				GCC_WARN_64_TO_32_BIT_CONVERSION = YES;
				GCC_WARN_ABOUT_RETURN_TYPE = YES_ERROR;
				GCC_WARN_UNDECLARED_SELECTOR = YES;
				GCC_WARN_UNINITIALIZED_AUTOS = YES_AGGRESSIVE;
				GCC_WARN_UNUSED_FUNCTION = YES;
				GCC_WARN_UNUSED_VARIABLE = YES;
				IPHONEOS_DEPLOYMENT_TARGET = 12.2;
				MTL_ENABLE_DEBUG_INFO = NO;
				MTL_FAST_MATH = YES;
				SDKROOT = iphoneos;
				SWIFT_COMPILATION_MODE = wholemodule;
				SWIFT_OPTIMIZATION_LEVEL = "-O";
				VALIDATE_PRODUCT = YES;
			};
			name = Release;
		};
		730A55A622837312007D45D5 /* Debug */ = {
			isa = XCBuildConfiguration;
			buildSettings = {
				ASSETCATALOG_COMPILER_APPICON_NAME = AppIcon;
				CODE_SIGN_STYLE = Automatic;
				INFOPLIST_FILE = JournalNextAttempt/Info.plist;
				LD_RUNPATH_SEARCH_PATHS = (
					"$(inherited)",
					"@executable_path/Frameworks",
				);
				PRODUCT_BUNDLE_IDENTIFIER = com.AustinWest.JournalNextAttempt;
				PRODUCT_NAME = "$(TARGET_NAME)";
				SWIFT_VERSION = 5.0;
				TARGETED_DEVICE_FAMILY = "1,2";
			};
			name = Debug;
		};
		730A55A722837312007D45D5 /* Release */ = {
			isa = XCBuildConfiguration;
			buildSettings = {
				ASSETCATALOG_COMPILER_APPICON_NAME = AppIcon;
				CODE_SIGN_STYLE = Automatic;
				INFOPLIST_FILE = JournalNextAttempt/Info.plist;
				LD_RUNPATH_SEARCH_PATHS = (
					"$(inherited)",
					"@executable_path/Frameworks",
				);
				PRODUCT_BUNDLE_IDENTIFIER = com.AustinWest.JournalNextAttempt;
				PRODUCT_NAME = "$(TARGET_NAME)";
				SWIFT_VERSION = 5.0;
				TARGETED_DEVICE_FAMILY = "1,2";
			};
			name = Release;
		};
/* End XCBuildConfiguration section */

/* Begin XCConfigurationList section */
		730A558E22837312007D45D5 /* Build configuration list for PBXProject "JournalNextAttempt" */ = {
			isa = XCConfigurationList;
			buildConfigurations = (
				730A55A322837312007D45D5 /* Debug */,
				730A55A422837312007D45D5 /* Release */,
			);
			defaultConfigurationIsVisible = 0;
			defaultConfigurationName = Release;
		};
		730A55A522837312007D45D5 /* Build configuration list for PBXNativeTarget "JournalNextAttempt" */ = {
			isa = XCConfigurationList;
			buildConfigurations = (
				730A55A622837312007D45D5 /* Debug */,
				730A55A722837312007D45D5 /* Release */,
			);
			defaultConfigurationIsVisible = 0;
			defaultConfigurationName = Release;
		};
/* End XCConfigurationList section */
	};
	rootObject = 730A558B22837312007D45D5 /* Project object */;
}
